// !$*UTF8*$!
{
	archiveVersion = 1;
	classes = {
	};
	objectVersion = 46;
	objects = {

/* Begin PBXBuildFile section */
		650862A51CD507E400006DAD /* PageManagerViewController.swift in Sources */ = {isa = PBXBuildFile; fileRef = 650862A41CD507E400006DAD /* PageManagerViewController.swift */; };
		6515D12C1CC148EB00570205 /* CrumbMessage.swift in Sources */ = {isa = PBXBuildFile; fileRef = 6515D12B1CC148EB00570205 /* CrumbMessage.swift */; };
		6515D12D1CC148EB00570205 /* CrumbMessage.swift in Sources */ = {isa = PBXBuildFile; fileRef = 6515D12B1CC148EB00570205 /* CrumbMessage.swift */; };
		6538741B1DD54FA9009ABDBF /* old code in Resources */ = {isa = PBXBuildFile; fileRef = 6538741A1DD54FA9009ABDBF /* old code */; };
		6539C0F91CFBC7920072F1E3 /* CoreData.framework in Frameworks */ = {isa = PBXBuildFile; fileRef = 6539C0F81CFBC7920072F1E3 /* CoreData.framework */; };
		653BFF9C1CCA0BB7005923E9 /* ViewCrumbViewController.swift in Sources */ = {isa = PBXBuildFile; fileRef = 653BFF9B1CCA0BB7005923E9 /* ViewCrumbViewController.swift */; };
		6540B5311DD909E80014A0BC /* WriteCrumbViewController.swift in Sources */ = {isa = PBXBuildFile; fileRef = 6540B5301DD909E80014A0BC /* WriteCrumbViewController.swift */; };
		6543DA511DC47CEA00197513 /* CommentShort.swift in Sources */ = {isa = PBXBuildFile; fileRef = 6543DA501DC47CEA00197513 /* CommentShort.swift */; };
		654B116F1CB9705800BD6313 /* AppDelegate.swift in Sources */ = {isa = PBXBuildFile; fileRef = 654B116E1CB9705800BD6313 /* AppDelegate.swift */; };
		654B11741CB9705800BD6313 /* Main.storyboard in Resources */ = {isa = PBXBuildFile; fileRef = 654B11721CB9705800BD6313 /* Main.storyboard */; };
		654B11761CB9705800BD6313 /* Assets.xcassets in Resources */ = {isa = PBXBuildFile; fileRef = 654B11751CB9705800BD6313 /* Assets.xcassets */; };
		654B11791CB9705800BD6313 /* LaunchScreen.storyboard in Resources */ = {isa = PBXBuildFile; fileRef = 654B11771CB9705800BD6313 /* LaunchScreen.storyboard */; };
		654B11841CB9705800BD6313 /* BreadCrumbsTests.swift in Sources */ = {isa = PBXBuildFile; fileRef = 654B11831CB9705800BD6313 /* BreadCrumbsTests.swift */; };
		654C0B571CC4020200060E58 /* CoreLocation.framework in Frameworks */ = {isa = PBXBuildFile; fileRef = 654C0B561CC4020200060E58 /* CoreLocation.framework */; };
		654C0B591CC565B200060E58 /* YourCrumbsTableViewCell.swift in Sources */ = {isa = PBXBuildFile; fileRef = 654C0B581CC565B200060E58 /* YourCrumbsTableViewCell.swift */; };
		654C0B5B1CC6AE4200060E58 /* YourCrumbsTableViewController.swift in Sources */ = {isa = PBXBuildFile; fileRef = 654C0B5A1CC6AE4200060E58 /* YourCrumbsTableViewController.swift */; };
		656D65EC1CFA5E5F001F8950 /* Message+CoreDataProperties.swift in Sources */ = {isa = PBXBuildFile; fileRef = 656D65EA1CFA5E5F001F8950 /* Message+CoreDataProperties.swift */; };
		656D65ED1CFA5E5F001F8950 /* Message.swift in Sources */ = {isa = PBXBuildFile; fileRef = 656D65EB1CFA5E5F001F8950 /* Message.swift */; };
		6576060E1DCD69D4006860C6 /* CrumbTableViewCell.swift in Sources */ = {isa = PBXBuildFile; fileRef = 6576060A1DCD69D4006860C6 /* CrumbTableViewCell.swift */; };
		6576060F1DCD69D4006860C6 /* CommentCell.swift in Sources */ = {isa = PBXBuildFile; fileRef = 6576060B1DCD69D4006860C6 /* CommentCell.swift */; };
		657606101DCD69D4006860C6 /* ViewCrumbs.swift in Sources */ = {isa = PBXBuildFile; fileRef = 6576060C1DCD69D4006860C6 /* ViewCrumbs.swift */; };
		657756B51DD93C8F00ABAFD7 /* MIDatePicker-master in Resources */ = {isa = PBXBuildFile; fileRef = 657756B41DD93C8F00ABAFD7 /* MIDatePicker-master */; };
		657756B81DD9488D00ABAFD7 /* MIDatePicker.swift in Sources */ = {isa = PBXBuildFile; fileRef = 657756B61DD9488D00ABAFD7 /* MIDatePicker.swift */; };
		657756B91DD9488D00ABAFD7 /* MIDatePicker.xib in Resources */ = {isa = PBXBuildFile; fileRef = 657756B71DD9488D00ABAFD7 /* MIDatePicker.xib */; };
		6577DCC81D3D6DBB00C25F52 /* UserInfo.swift in Sources */ = {isa = PBXBuildFile; fileRef = 6577DCC71D3D6DBB00C25F52 /* UserInfo.swift */; };
		6578159F1D62BE0B004F4660 /* HelperFunctions.swift in Sources */ = {isa = PBXBuildFile; fileRef = 6578159E1D62BE0B004F4660 /* HelperFunctions.swift */; };
		657861F91DD829050027C5A0 /* Comment+CoreDataClass.swift in Sources */ = {isa = PBXBuildFile; fileRef = 657861F71DD829050027C5A0 /* Comment+CoreDataClass.swift */; };
		657861FA1DD829050027C5A0 /* Comment+CoreDataProperties.swift in Sources */ = {isa = PBXBuildFile; fileRef = 657861F81DD829050027C5A0 /* Comment+CoreDataProperties.swift */; };
		657861FC1DD877A40027C5A0 /* CreateCommentViewController.swift in Sources */ = {isa = PBXBuildFile; fileRef = 657861FB1DD877A40027C5A0 /* CreateCommentViewController.swift */; };
		65866C0A1CD6466200038400 /* SettingsViewController.swift in Sources */ = {isa = PBXBuildFile; fileRef = 65866C091CD6466200038400 /* SettingsViewController.swift */; };
		65C659CD1D2C8CEA00E11210 /* ChangeUserNameViewController.swift in Sources */ = {isa = PBXBuildFile; fileRef = 65C659CC1D2C8CEA00E11210 /* ChangeUserNameViewController.swift */; };
		65CB617C1CD3EA4F002D6F9E /* CloudKit.framework in Frameworks */ = {isa = PBXBuildFile; fileRef = 65CB617B1CD3EA4F002D6F9E /* CloudKit.framework */; };
		65CE77A41CD3A96000CDFC49 /* NewOthersCrumbsViewController.swift in Sources */ = {isa = PBXBuildFile; fileRef = 65CE77A31CD3A96000CDFC49 /* NewOthersCrumbsViewController.swift */; };
		65EF38A91D21D2B400161A3E /* SignInViewController.swift in Sources */ = {isa = PBXBuildFile; fileRef = 65EF38A81D21D2B400161A3E /* SignInViewController.swift */; };
		65F556BC1CD219030014AC30 /* OthersCrumbsTableViewController.swift in Sources */ = {isa = PBXBuildFile; fileRef = 65F556BB1CD219030014AC30 /* OthersCrumbsTableViewController.swift */; };
		65F556BE1CD21D760014AC30 /* OthersCrumbsTableViewCell.swift in Sources */ = {isa = PBXBuildFile; fileRef = 65F556BD1CD21D760014AC30 /* OthersCrumbsTableViewCell.swift */; };
		65FCBD681DDBF2B9002D07BA /* MessageDataModel.xcdatamodeld in Sources */ = {isa = PBXBuildFile; fileRef = 65A5A2D51CF681B60019DB49 /* MessageDataModel.xcdatamodeld */; };
/* End PBXBuildFile section */

/* Begin PBXContainerItemProxy section */
		654B11801CB9705800BD6313 /* PBXContainerItemProxy */ = {
			isa = PBXContainerItemProxy;
			containerPortal = 654B11631CB9705800BD6313 /* Project object */;
			proxyType = 1;
			remoteGlobalIDString = 654B116A1CB9705800BD6313;
			remoteInfo = BreadCrumbs;
		};
/* End PBXContainerItemProxy section */

/* Begin PBXFileReference section */
		650862A41CD507E400006DAD /* PageManagerViewController.swift */ = {isa = PBXFileReference; fileEncoding = 4; lastKnownFileType = sourcecode.swift; name = PageManagerViewController.swift; path = ../PageManagerViewController.swift; sourceTree = "<group>"; };
		6515D12B1CC148EB00570205 /* CrumbMessage.swift */ = {isa = PBXFileReference; fileEncoding = 4; lastKnownFileType = sourcecode.swift; name = CrumbMessage.swift; path = ../CrumbMessage.swift; sourceTree = "<group>"; };
		6538741A1DD54FA9009ABDBF /* old code */ = {isa = PBXFileReference; fileEncoding = 4; lastKnownFileType = text; name = "old code"; path = "../old code"; sourceTree = "<group>"; };
		6539C0F81CFBC7920072F1E3 /* CoreData.framework */ = {isa = PBXFileReference; lastKnownFileType = wrapper.framework; name = CoreData.framework; path = System/Library/Frameworks/CoreData.framework; sourceTree = SDKROOT; };
		653BFF9B1CCA0BB7005923E9 /* ViewCrumbViewController.swift */ = {isa = PBXFileReference; fileEncoding = 4; lastKnownFileType = sourcecode.swift; path = ViewCrumbViewController.swift; sourceTree = "<group>"; };
		6540B5301DD909E80014A0BC /* WriteCrumbViewController.swift */ = {isa = PBXFileReference; fileEncoding = 4; lastKnownFileType = sourcecode.swift; path = WriteCrumbViewController.swift; sourceTree = "<group>"; };
		6543DA501DC47CEA00197513 /* CommentShort.swift */ = {isa = PBXFileReference; fileEncoding = 4; lastKnownFileType = sourcecode.swift; path = CommentShort.swift; sourceTree = "<group>"; };
		654B116B1CB9705800BD6313 /* BreadCrumbs.app */ = {isa = PBXFileReference; explicitFileType = wrapper.application; includeInIndex = 0; path = BreadCrumbs.app; sourceTree = BUILT_PRODUCTS_DIR; };
		654B116E1CB9705800BD6313 /* AppDelegate.swift */ = {isa = PBXFileReference; lastKnownFileType = sourcecode.swift; path = AppDelegate.swift; sourceTree = "<group>"; };
		654B11731CB9705800BD6313 /* Base */ = {isa = PBXFileReference; lastKnownFileType = file.storyboard; name = Base; path = Base.lproj/Main.storyboard; sourceTree = "<group>"; };
		654B11751CB9705800BD6313 /* Assets.xcassets */ = {isa = PBXFileReference; lastKnownFileType = folder.assetcatalog; path = Assets.xcassets; sourceTree = "<group>"; };
		654B11781CB9705800BD6313 /* Base */ = {isa = PBXFileReference; lastKnownFileType = file.storyboard; name = Base; path = Base.lproj/LaunchScreen.storyboard; sourceTree = "<group>"; };
		654B117A1CB9705800BD6313 /* Info.plist */ = {isa = PBXFileReference; lastKnownFileType = text.plist.xml; path = Info.plist; sourceTree = "<group>"; };
		654B117F1CB9705800BD6313 /* BreadCrumbsTests.xctest */ = {isa = PBXFileReference; explicitFileType = wrapper.cfbundle; includeInIndex = 0; path = BreadCrumbsTests.xctest; sourceTree = BUILT_PRODUCTS_DIR; };
		654B11831CB9705800BD6313 /* BreadCrumbsTests.swift */ = {isa = PBXFileReference; lastKnownFileType = sourcecode.swift; path = BreadCrumbsTests.swift; sourceTree = "<group>"; };
		654B11851CB9705800BD6313 /* Info.plist */ = {isa = PBXFileReference; lastKnownFileType = text.plist.xml; path = Info.plist; sourceTree = "<group>"; };
		654C0B561CC4020200060E58 /* CoreLocation.framework */ = {isa = PBXFileReference; lastKnownFileType = wrapper.framework; name = CoreLocation.framework; path = System/Library/Frameworks/CoreLocation.framework; sourceTree = SDKROOT; };
		654C0B581CC565B200060E58 /* YourCrumbsTableViewCell.swift */ = {isa = PBXFileReference; fileEncoding = 4; lastKnownFileType = sourcecode.swift; path = YourCrumbsTableViewCell.swift; sourceTree = "<group>"; };
		654C0B5A1CC6AE4200060E58 /* YourCrumbsTableViewController.swift */ = {isa = PBXFileReference; fileEncoding = 4; lastKnownFileType = sourcecode.swift; path = YourCrumbsTableViewController.swift; sourceTree = "<group>"; };
		656D65EA1CFA5E5F001F8950 /* Message+CoreDataProperties.swift */ = {isa = PBXFileReference; fileEncoding = 4; lastKnownFileType = sourcecode.swift; path = "Message+CoreDataProperties.swift"; sourceTree = "<group>"; };
		656D65EB1CFA5E5F001F8950 /* Message.swift */ = {isa = PBXFileReference; fileEncoding = 4; lastKnownFileType = sourcecode.swift; path = Message.swift; sourceTree = "<group>"; };
		6576060A1DCD69D4006860C6 /* CrumbTableViewCell.swift */ = {isa = PBXFileReference; fileEncoding = 4; lastKnownFileType = sourcecode.swift; path = CrumbTableViewCell.swift; sourceTree = SOURCE_ROOT; };
		6576060B1DCD69D4006860C6 /* CommentCell.swift */ = {isa = PBXFileReference; fileEncoding = 4; lastKnownFileType = sourcecode.swift; path = CommentCell.swift; sourceTree = SOURCE_ROOT; };
		6576060C1DCD69D4006860C6 /* ViewCrumbs.swift */ = {isa = PBXFileReference; fileEncoding = 4; lastKnownFileType = sourcecode.swift; path = ViewCrumbs.swift; sourceTree = SOURCE_ROOT; };
		657756B41DD93C8F00ABAFD7 /* MIDatePicker-master */ = {isa = PBXFileReference; lastKnownFileType = folder; path = "MIDatePicker-master"; sourceTree = SOURCE_ROOT; };
		657756B61DD9488D00ABAFD7 /* MIDatePicker.swift */ = {isa = PBXFileReference; fileEncoding = 4; lastKnownFileType = sourcecode.swift; name = MIDatePicker.swift; path = "../MIDatePicker-master/MIDatePicker/MIDatePicker.swift"; sourceTree = "<group>"; };
		657756B71DD9488D00ABAFD7 /* MIDatePicker.xib */ = {isa = PBXFileReference; fileEncoding = 4; lastKnownFileType = file.xib; name = MIDatePicker.xib; path = "../MIDatePicker-master/MIDatePicker/MIDatePicker.xib"; sourceTree = "<group>"; };
		6577DCC71D3D6DBB00C25F52 /* UserInfo.swift */ = {isa = PBXFileReference; fileEncoding = 4; lastKnownFileType = sourcecode.swift; path = UserInfo.swift; sourceTree = "<group>"; };
		6578159E1D62BE0B004F4660 /* HelperFunctions.swift */ = {isa = PBXFileReference; fileEncoding = 4; lastKnownFileType = sourcecode.swift; path = HelperFunctions.swift; sourceTree = "<group>"; };
		657861F71DD829050027C5A0 /* Comment+CoreDataClass.swift */ = {isa = PBXFileReference; fileEncoding = 4; lastKnownFileType = sourcecode.swift; path = "Comment+CoreDataClass.swift"; sourceTree = "<group>"; };
		657861F81DD829050027C5A0 /* Comment+CoreDataProperties.swift */ = {isa = PBXFileReference; fileEncoding = 4; lastKnownFileType = sourcecode.swift; path = "Comment+CoreDataProperties.swift"; sourceTree = "<group>"; };
		657861FB1DD877A40027C5A0 /* CreateCommentViewController.swift */ = {isa = PBXFileReference; fileEncoding = 4; lastKnownFileType = sourcecode.swift; path = CreateCommentViewController.swift; sourceTree = "<group>"; };
		65866C091CD6466200038400 /* SettingsViewController.swift */ = {isa = PBXFileReference; fileEncoding = 4; lastKnownFileType = sourcecode.swift; path = SettingsViewController.swift; sourceTree = "<group>"; };
		65A5A2D61CF681B60019DB49 /* MessageDataModel.xcdatamodel */ = {isa = PBXFileReference; lastKnownFileType = wrapper.xcdatamodel; path = MessageDataModel.xcdatamodel; sourceTree = "<group>"; };
		65C659CC1D2C8CEA00E11210 /* ChangeUserNameViewController.swift */ = {isa = PBXFileReference; fileEncoding = 4; lastKnownFileType = sourcecode.swift; path = ChangeUserNameViewController.swift; sourceTree = "<group>"; };
		65CB617A1CD3D175002D6F9E /* BreadCrumbs.entitlements */ = {isa = PBXFileReference; lastKnownFileType = text.xml; path = BreadCrumbs.entitlements; sourceTree = "<group>"; };
		65CB617B1CD3EA4F002D6F9E /* CloudKit.framework */ = {isa = PBXFileReference; lastKnownFileType = wrapper.framework; name = CloudKit.framework; path = System/Library/Frameworks/CloudKit.framework; sourceTree = SDKROOT; };
		65CE77A31CD3A96000CDFC49 /* NewOthersCrumbsViewController.swift */ = {isa = PBXFileReference; fileEncoding = 4; lastKnownFileType = sourcecode.swift; path = NewOthersCrumbsViewController.swift; sourceTree = "<group>"; };
		65EF38A81D21D2B400161A3E /* SignInViewController.swift */ = {isa = PBXFileReference; fileEncoding = 4; lastKnownFileType = sourcecode.swift; path = SignInViewController.swift; sourceTree = "<group>"; };
		65F556BB1CD219030014AC30 /* OthersCrumbsTableViewController.swift */ = {isa = PBXFileReference; fileEncoding = 4; lastKnownFileType = sourcecode.swift; name = OthersCrumbsTableViewController.swift; path = ../OthersCrumbsTableViewController.swift; sourceTree = "<group>"; };
		65F556BD1CD21D760014AC30 /* OthersCrumbsTableViewCell.swift */ = {isa = PBXFileReference; fileEncoding = 4; lastKnownFileType = sourcecode.swift; path = OthersCrumbsTableViewCell.swift; sourceTree = "<group>"; };
/* End PBXFileReference section */

/* Begin PBXFrameworksBuildPhase section */
		654B11681CB9705800BD6313 /* Frameworks */ = {
			isa = PBXFrameworksBuildPhase;
			buildActionMask = 2147483647;
			files = (
				6539C0F91CFBC7920072F1E3 /* CoreData.framework in Frameworks */,
				654C0B571CC4020200060E58 /* CoreLocation.framework in Frameworks */,
				65CB617C1CD3EA4F002D6F9E /* CloudKit.framework in Frameworks */,
			);
			runOnlyForDeploymentPostprocessing = 0;
		};
		654B117C1CB9705800BD6313 /* Frameworks */ = {
			isa = PBXFrameworksBuildPhase;
			buildActionMask = 2147483647;
			files = (
			);
			runOnlyForDeploymentPostprocessing = 0;
		};
/* End PBXFrameworksBuildPhase section */

/* Begin PBXGroup section */
		65219BAD1DDBFE11006765C3 /* mainViews */ = {
			isa = PBXGroup;
			children = (
				654C0B5A1CC6AE4200060E58 /* YourCrumbsTableViewController.swift */,
				65F556BB1CD219030014AC30 /* OthersCrumbsTableViewController.swift */,
				65219BB31DDC0011006765C3 /* ViewCrumb */,
				65866C091CD6466200038400 /* SettingsViewController.swift */,
				65219BAE1DDBFEB5006765C3 /* settingSubVCs */,
			);
			name = mainViews;
			sourceTree = "<group>";
		};
		65219BAE1DDBFEB5006765C3 /* settingSubVCs */ = {
			isa = PBXGroup;
			children = (
				65C659CC1D2C8CEA00E11210 /* ChangeUserNameViewController.swift */,
			);
			name = settingSubVCs;
			sourceTree = "<group>";
		};
		65219BB11DDBFF5D006765C3 /* create */ = {
			isa = PBXGroup;
			children = (
				6540B5301DD909E80014A0BC /* WriteCrumbViewController.swift */,
				657861FB1DD877A40027C5A0 /* CreateCommentViewController.swift */,
			);
			name = create;
			sourceTree = "<group>";
		};
		65219BB21DDBFFA4006765C3 /* pickerView */ = {
			isa = PBXGroup;
			children = (
				657756B41DD93C8F00ABAFD7 /* MIDatePicker-master */,
				657756B61DD9488D00ABAFD7 /* MIDatePicker.swift */,
				657756B71DD9488D00ABAFD7 /* MIDatePicker.xib */,
			);
			name = pickerView;
			sourceTree = "<group>";
		};
		65219BB31DDC0011006765C3 /* ViewCrumb */ = {
			isa = PBXGroup;
			children = (
				653BFF9B1CCA0BB7005923E9 /* ViewCrumbViewController.swift */,
			);
			name = ViewCrumb;
			sourceTree = "<group>";
		};
		654B11621CB9705800BD6313 = {
			isa = PBXGroup;
			children = (
				65A5A2D51CF681B60019DB49 /* MessageDataModel.xcdatamodeld */,
				654B116D1CB9705800BD6313 /* BreadCrumbs */,
				6539C0F81CFBC7920072F1E3 /* CoreData.framework */,
				65CB617B1CD3EA4F002D6F9E /* CloudKit.framework */,
				654C0B561CC4020200060E58 /* CoreLocation.framework */,
				654B11821CB9705800BD6313 /* BreadCrumbsTests */,
				654B116C1CB9705800BD6313 /* Products */,
			);
			sourceTree = "<group>";
		};
		654B116C1CB9705800BD6313 /* Products */ = {
			isa = PBXGroup;
			children = (
				654B116B1CB9705800BD6313 /* BreadCrumbs.app */,
				654B117F1CB9705800BD6313 /* BreadCrumbsTests.xctest */,
			);
			name = Products;
			sourceTree = "<group>";
		};
		654B116D1CB9705800BD6313 /* BreadCrumbs */ = {
			isa = PBXGroup;
			children = (
				65FCBCAD1DDBCAB4002D07BA /* CDItems */,
				65B9FF031DCD79C900C09F85 /* Classes and helper */,
				654B11721CB9705800BD6313 /* Main.storyboard */,
				654B116E1CB9705800BD6313 /* AppDelegate.swift */,
				650862A41CD507E400006DAD /* PageManagerViewController.swift */,
				65EF38A81D21D2B400161A3E /* SignInViewController.swift */,
				65219BB11DDBFF5D006765C3 /* create */,
				657606111DCD69E1006860C6 /* cells */,
				65219BAD1DDBFE11006765C3 /* mainViews */,
				65CE77A31CD3A96000CDFC49 /* NewOthersCrumbsViewController.swift */,
				6576060C1DCD69D4006860C6 /* ViewCrumbs.swift */,
				65219BB21DDBFFA4006765C3 /* pickerView */,
				654B11771CB9705800BD6313 /* LaunchScreen.storyboard */,
				654B117A1CB9705800BD6313 /* Info.plist */,
				6538741A1DD54FA9009ABDBF /* old code */,
				654B11751CB9705800BD6313 /* Assets.xcassets */,
				65CB617A1CD3D175002D6F9E /* BreadCrumbs.entitlements */,
			);
			path = BreadCrumbs;
			sourceTree = "<group>";
		};
		654B11821CB9705800BD6313 /* BreadCrumbsTests */ = {
			isa = PBXGroup;
			children = (
				654B11831CB9705800BD6313 /* BreadCrumbsTests.swift */,
				654B11851CB9705800BD6313 /* Info.plist */,
			);
			path = BreadCrumbsTests;
			sourceTree = "<group>";
		};
		657606111DCD69E1006860C6 /* cells */ = {
			isa = PBXGroup;
			children = (
				654C0B581CC565B200060E58 /* YourCrumbsTableViewCell.swift */,
				65F556BD1CD21D760014AC30 /* OthersCrumbsTableViewCell.swift */,
				6576060A1DCD69D4006860C6 /* CrumbTableViewCell.swift */,
				6576060B1DCD69D4006860C6 /* CommentCell.swift */,
			);
			name = cells;
			sourceTree = "<group>";
		};
		65B9FF031DCD79C900C09F85 /* Classes and helper */ = {
			isa = PBXGroup;
			children = (
				6577DCC71D3D6DBB00C25F52 /* UserInfo.swift */,
				6515D12B1CC148EB00570205 /* CrumbMessage.swift */,
				6543DA501DC47CEA00197513 /* CommentShort.swift */,
				6578159E1D62BE0B004F4660 /* HelperFunctions.swift */,
			);
			name = "Classes and helper";
			sourceTree = "<group>";
		};
		65FCBCAD1DDBCAB4002D07BA /* CDItems */ = {
			isa = PBXGroup;
			children = (
				657861F71DD829050027C5A0 /* Comment+CoreDataClass.swift */,
				657861F81DD829050027C5A0 /* Comment+CoreDataProperties.swift */,
				656D65EB1CFA5E5F001F8950 /* Message.swift */,
				656D65EA1CFA5E5F001F8950 /* Message+CoreDataProperties.swift */,
			);
			name = CDItems;
			path = ..;
			sourceTree = "<group>";
		};
/* End PBXGroup section */

/* Begin PBXNativeTarget section */
		654B116A1CB9705800BD6313 /* BreadCrumbs */ = {
			isa = PBXNativeTarget;
			buildConfigurationList = 654B11881CB9705800BD6313 /* Build configuration list for PBXNativeTarget "BreadCrumbs" */;
			buildPhases = (
				654B11671CB9705800BD6313 /* Sources */,
				654B11681CB9705800BD6313 /* Frameworks */,
				654B11691CB9705800BD6313 /* Resources */,
			);
			buildRules = (
			);
			dependencies = (
			);
			name = BreadCrumbs;
			productName = BreadCrumbs;
			productReference = 654B116B1CB9705800BD6313 /* BreadCrumbs.app */;
			productType = "com.apple.product-type.application";
		};
		654B117E1CB9705800BD6313 /* BreadCrumbsTests */ = {
			isa = PBXNativeTarget;
			buildConfigurationList = 654B118B1CB9705800BD6313 /* Build configuration list for PBXNativeTarget "BreadCrumbsTests" */;
			buildPhases = (
				654B117B1CB9705800BD6313 /* Sources */,
				654B117C1CB9705800BD6313 /* Frameworks */,
				654B117D1CB9705800BD6313 /* Resources */,
			);
			buildRules = (
			);
			dependencies = (
				654B11811CB9705800BD6313 /* PBXTargetDependency */,
			);
			name = BreadCrumbsTests;
			productName = BreadCrumbsTests;
			productReference = 654B117F1CB9705800BD6313 /* BreadCrumbsTests.xctest */;
			productType = "com.apple.product-type.bundle.unit-test";
		};
/* End PBXNativeTarget section */

/* Begin PBXProject section */
		654B11631CB9705800BD6313 /* Project object */ = {
			isa = PBXProject;
			attributes = {
				LastSwiftUpdateCheck = 0730;
				LastUpgradeCheck = 0810;
				ORGANIZATIONNAME = "Daniel Schliesing";
				TargetAttributes = {
					654B116A1CB9705800BD6313 = {
						CreatedOnToolsVersion = 7.3;
						DevelopmentTeam = PGCA3M66YM;
						LastSwiftMigration = 0810;
						SystemCapabilities = {
							com.apple.BackgroundModes = {
								enabled = 1;
							};
							com.apple.Push = {
								enabled = 1;
							};
							com.apple.iCloud = {
								enabled = 1;
							};
						};
					};
					654B117E1CB9705800BD6313 = {
						CreatedOnToolsVersion = 7.3;
						LastSwiftMigration = 0810;
						TestTargetID = 654B116A1CB9705800BD6313;
					};
				};
			};
			buildConfigurationList = 654B11661CB9705800BD6313 /* Build configuration list for PBXProject "BreadCrumbs" */;
			compatibilityVersion = "Xcode 3.2";
			developmentRegion = English;
			hasScannedForEncodings = 0;
			knownRegions = (
				en,
				Base,
			);
			mainGroup = 654B11621CB9705800BD6313;
			productRefGroup = 654B116C1CB9705800BD6313 /* Products */;
			projectDirPath = "";
			projectRoot = "";
			targets = (
				654B116A1CB9705800BD6313 /* BreadCrumbs */,
				654B117E1CB9705800BD6313 /* BreadCrumbsTests */,
			);
		};
/* End PBXProject section */

/* Begin PBXResourcesBuildPhase section */
		654B11691CB9705800BD6313 /* Resources */ = {
			isa = PBXResourcesBuildPhase;
			buildActionMask = 2147483647;
			files = (
				654B11791CB9705800BD6313 /* LaunchScreen.storyboard in Resources */,
				654B11761CB9705800BD6313 /* Assets.xcassets in Resources */,
				6538741B1DD54FA9009ABDBF /* old code in Resources */,
				657756B51DD93C8F00ABAFD7 /* MIDatePicker-master in Resources */,
				654B11741CB9705800BD6313 /* Main.storyboard in Resources */,
				657756B91DD9488D00ABAFD7 /* MIDatePicker.xib in Resources */,
			);
			runOnlyForDeploymentPostprocessing = 0;
		};
		654B117D1CB9705800BD6313 /* Resources */ = {
			isa = PBXResourcesBuildPhase;
			buildActionMask = 2147483647;
			files = (
			);
			runOnlyForDeploymentPostprocessing = 0;
		};
/* End PBXResourcesBuildPhase section */

/* Begin PBXSourcesBuildPhase section */
		654B11671CB9705800BD6313 /* Sources */ = {
			isa = PBXSourcesBuildPhase;
			buildActionMask = 2147483647;
			files = (
				6576060E1DCD69D4006860C6 /* CrumbTableViewCell.swift in Sources */,
				65CE77A41CD3A96000CDFC49 /* NewOthersCrumbsViewController.swift in Sources */,
				6543DA511DC47CEA00197513 /* CommentShort.swift in Sources */,
				65F556BC1CD219030014AC30 /* OthersCrumbsTableViewController.swift in Sources */,
				654C0B5B1CC6AE4200060E58 /* YourCrumbsTableViewController.swift in Sources */,
				657606101DCD69D4006860C6 /* ViewCrumbs.swift in Sources */,
				657756B81DD9488D00ABAFD7 /* MIDatePicker.swift in Sources */,
				6577DCC81D3D6DBB00C25F52 /* UserInfo.swift in Sources */,
				65F556BE1CD21D760014AC30 /* OthersCrumbsTableViewCell.swift in Sources */,
				65FCBD681DDBF2B9002D07BA /* MessageDataModel.xcdatamodeld in Sources */,
				65EF38A91D21D2B400161A3E /* SignInViewController.swift in Sources */,
				65866C0A1CD6466200038400 /* SettingsViewController.swift in Sources */,
				657861FC1DD877A40027C5A0 /* CreateCommentViewController.swift in Sources */,
				656D65EC1CFA5E5F001F8950 /* Message+CoreDataProperties.swift in Sources */,
				6540B5311DD909E80014A0BC /* WriteCrumbViewController.swift in Sources */,
				6515D12C1CC148EB00570205 /* CrumbMessage.swift in Sources */,
				654B116F1CB9705800BD6313 /* AppDelegate.swift in Sources */,
				65C659CD1D2C8CEA00E11210 /* ChangeUserNameViewController.swift in Sources */,
				653BFF9C1CCA0BB7005923E9 /* ViewCrumbViewController.swift in Sources */,
				6576060F1DCD69D4006860C6 /* CommentCell.swift in Sources */,
				656D65ED1CFA5E5F001F8950 /* Message.swift in Sources */,
				654C0B591CC565B200060E58 /* YourCrumbsTableViewCell.swift in Sources */,
				657861F91DD829050027C5A0 /* Comment+CoreDataClass.swift in Sources */,
				650862A51CD507E400006DAD /* PageManagerViewController.swift in Sources */,
				6578159F1D62BE0B004F4660 /* HelperFunctions.swift in Sources */,
				657861FA1DD829050027C5A0 /* Comment+CoreDataProperties.swift in Sources */,
			);
			runOnlyForDeploymentPostprocessing = 0;
		};
		654B117B1CB9705800BD6313 /* Sources */ = {
			isa = PBXSourcesBuildPhase;
			buildActionMask = 2147483647;
			files = (
				654B11841CB9705800BD6313 /* BreadCrumbsTests.swift in Sources */,
				6515D12D1CC148EB00570205 /* CrumbMessage.swift in Sources */,
			);
			runOnlyForDeploymentPostprocessing = 0;
		};
/* End PBXSourcesBuildPhase section */

/* Begin PBXTargetDependency section */
		654B11811CB9705800BD6313 /* PBXTargetDependency */ = {
			isa = PBXTargetDependency;
			target = 654B116A1CB9705800BD6313 /* BreadCrumbs */;
			targetProxy = 654B11801CB9705800BD6313 /* PBXContainerItemProxy */;
		};
/* End PBXTargetDependency section */

/* Begin PBXVariantGroup section */
		654B11721CB9705800BD6313 /* Main.storyboard */ = {
			isa = PBXVariantGroup;
			children = (
				654B11731CB9705800BD6313 /* Base */,
			);
			name = Main.storyboard;
			sourceTree = "<group>";
		};
		654B11771CB9705800BD6313 /* LaunchScreen.storyboard */ = {
			isa = PBXVariantGroup;
			children = (
				654B11781CB9705800BD6313 /* Base */,
			);
			name = LaunchScreen.storyboard;
			sourceTree = "<group>";
		};
/* End PBXVariantGroup section */

/* Begin XCBuildConfiguration section */
		654B11861CB9705800BD6313 /* Debug */ = {
			isa = XCBuildConfiguration;
			buildSettings = {
				ALWAYS_SEARCH_USER_PATHS = NO;
				CLANG_ANALYZER_NONNULL = YES;
				CLANG_CXX_LANGUAGE_STANDARD = "gnu++0x";
				CLANG_CXX_LIBRARY = "libc++";
				CLANG_ENABLE_MODULES = YES;
				CLANG_ENABLE_OBJC_ARC = YES;
				CLANG_WARN_BOOL_CONVERSION = YES;
				CLANG_WARN_CONSTANT_CONVERSION = YES;
				CLANG_WARN_DIRECT_OBJC_ISA_USAGE = YES_ERROR;
				CLANG_WARN_EMPTY_BODY = YES;
				CLANG_WARN_ENUM_CONVERSION = YES;
				CLANG_WARN_INFINITE_RECURSION = YES;
				CLANG_WARN_INT_CONVERSION = YES;
				CLANG_WARN_OBJC_ROOT_CLASS = YES_ERROR;
				CLANG_WARN_SUSPICIOUS_MOVE = YES;
				CLANG_WARN_UNREACHABLE_CODE = YES;
				CLANG_WARN__DUPLICATE_METHOD_MATCH = YES;
				"CODE_SIGN_IDENTITY[sdk=iphoneos*]" = "iPhone Developer";
				COPY_PHASE_STRIP = NO;
				DEBUG_INFORMATION_FORMAT = dwarf;
				ENABLE_STRICT_OBJC_MSGSEND = YES;
				ENABLE_TESTABILITY = YES;
				GCC_C_LANGUAGE_STANDARD = gnu99;
				GCC_DYNAMIC_NO_PIC = NO;
				GCC_NO_COMMON_BLOCKS = YES;
				GCC_OPTIMIZATION_LEVEL = 0;
				GCC_PREPROCESSOR_DEFINITIONS = (
					"DEBUG=1",
					"$(inherited)",
				);
				GCC_WARN_64_TO_32_BIT_CONVERSION = YES;
				GCC_WARN_ABOUT_RETURN_TYPE = YES_ERROR;
				GCC_WARN_UNDECLARED_SELECTOR = YES;
				GCC_WARN_UNINITIALIZED_AUTOS = YES_AGGRESSIVE;
				GCC_WARN_UNUSED_FUNCTION = YES;
				GCC_WARN_UNUSED_VARIABLE = YES;
				IPHONEOS_DEPLOYMENT_TARGET = 9.3;
				MTL_ENABLE_DEBUG_INFO = YES;
				ONLY_ACTIVE_ARCH = YES;
				SDKROOT = iphoneos;
				SWIFT_OPTIMIZATION_LEVEL = "-Onone";
				TARGETED_DEVICE_FAMILY = "1,2";
			};
			name = Debug;
		};
		654B11871CB9705800BD6313 /* Release */ = {
			isa = XCBuildConfiguration;
			buildSettings = {
				ALWAYS_SEARCH_USER_PATHS = NO;
				CLANG_ANALYZER_NONNULL = YES;
				CLANG_CXX_LANGUAGE_STANDARD = "gnu++0x";
				CLANG_CXX_LIBRARY = "libc++";
				CLANG_ENABLE_MODULES = YES;
				CLANG_ENABLE_OBJC_ARC = YES;
				CLANG_WARN_BOOL_CONVERSION = YES;
				CLANG_WARN_CONSTANT_CONVERSION = YES;
				CLANG_WARN_DIRECT_OBJC_ISA_USAGE = YES_ERROR;
				CLANG_WARN_EMPTY_BODY = YES;
				CLANG_WARN_ENUM_CONVERSION = YES;
				CLANG_WARN_INFINITE_RECURSION = YES;
				CLANG_WARN_INT_CONVERSION = YES;
				CLANG_WARN_OBJC_ROOT_CLASS = YES_ERROR;
				CLANG_WARN_SUSPICIOUS_MOVE = YES;
				CLANG_WARN_UNREACHABLE_CODE = YES;
				CLANG_WARN__DUPLICATE_METHOD_MATCH = YES;
				"CODE_SIGN_IDENTITY[sdk=iphoneos*]" = "iPhone Developer";
				COPY_PHASE_STRIP = NO;
				DEBUG_INFORMATION_FORMAT = "dwarf-with-dsym";
				ENABLE_NS_ASSERTIONS = NO;
				ENABLE_STRICT_OBJC_MSGSEND = YES;
				GCC_C_LANGUAGE_STANDARD = gnu99;
				GCC_NO_COMMON_BLOCKS = YES;
				GCC_WARN_64_TO_32_BIT_CONVERSION = YES;
				GCC_WARN_ABOUT_RETURN_TYPE = YES_ERROR;
				GCC_WARN_UNDECLARED_SELECTOR = YES;
				GCC_WARN_UNINITIALIZED_AUTOS = YES_AGGRESSIVE;
				GCC_WARN_UNUSED_FUNCTION = YES;
				GCC_WARN_UNUSED_VARIABLE = YES;
				IPHONEOS_DEPLOYMENT_TARGET = 9.3;
				MTL_ENABLE_DEBUG_INFO = NO;
				SDKROOT = iphoneos;
				SWIFT_OPTIMIZATION_LEVEL = "-Owholemodule";
				TARGETED_DEVICE_FAMILY = "1,2";
				VALIDATE_PRODUCT = YES;
			};
			name = Release;
		};
		654B11891CB9705800BD6313 /* Debug */ = {
			isa = XCBuildConfiguration;
			buildSettings = {
				ASSETCATALOG_COMPILER_APPICON_NAME = AppIcon;
				CLANG_ENABLE_MODULES = YES;
				CODE_SIGN_ENTITLEMENTS = BreadCrumbs/BreadCrumbs.entitlements;
				CODE_SIGN_IDENTITY = "iPhone Developer";
				"CODE_SIGN_IDENTITY[sdk=iphoneos*]" = "iPhone Developer";
				DEVELOPMENT_TEAM = PGCA3M66YM;
				INFOPLIST_FILE = BreadCrumbs/Info.plist;
				IPHONEOS_DEPLOYMENT_TARGET = 9.3;
				LD_RUNPATH_SEARCH_PATHS = "$(inherited) @executable_path/Frameworks";
				PRODUCT_BUNDLE_IDENTIFIER = SabreTechnologiesLLC.BreadCrumbs;
				PRODUCT_NAME = "$(TARGET_NAME)";
				PROVISIONING_PROFILE = "";
				SWIFT_OPTIMIZATION_LEVEL = "-Onone";
				SWIFT_VERSION = 3.0;
				TARGETED_DEVICE_FAMILY = 1;
			};
			name = Debug;
		};
		654B118A1CB9705800BD6313 /* Release */ = {
			isa = XCBuildConfiguration;
			buildSettings = {
				ASSETCATALOG_COMPILER_APPICON_NAME = AppIcon;
				CLANG_ENABLE_MODULES = YES;
				CODE_SIGN_ENTITLEMENTS = BreadCrumbs/BreadCrumbs.entitlements;
				CODE_SIGN_IDENTITY = "iPhone Developer";
				"CODE_SIGN_IDENTITY[sdk=iphoneos*]" = "iPhone Developer";
				DEVELOPMENT_TEAM = PGCA3M66YM;
				INFOPLIST_FILE = BreadCrumbs/Info.plist;
				IPHONEOS_DEPLOYMENT_TARGET = 9.3;
				LD_RUNPATH_SEARCH_PATHS = "$(inherited) @executable_path/Frameworks";
				PRODUCT_BUNDLE_IDENTIFIER = SabreTechnologiesLLC.BreadCrumbs;
				PRODUCT_NAME = "$(TARGET_NAME)";
				PROVISIONING_PROFILE = "";
				SWIFT_VERSION = 3.0;
				TARGETED_DEVICE_FAMILY = 1;
			};
			name = Release;
		};
		654B118C1CB9705800BD6313 /* Debug */ = {
			isa = XCBuildConfiguration;
			buildSettings = {
				BUNDLE_LOADER = "$(TEST_HOST)";
				INFOPLIST_FILE = BreadCrumbsTests/Info.plist;
				LD_RUNPATH_SEARCH_PATHS = "$(inherited) @executable_path/Frameworks @loader_path/Frameworks";
				PRODUCT_BUNDLE_IDENTIFIER = "Schliesing-LLC.BreadCrumbsTests";
				PRODUCT_NAME = "$(TARGET_NAME)";
				SWIFT_VERSION = 2.3;
				TEST_HOST = "$(BUILT_PRODUCTS_DIR)/BreadCrumbs.app/BreadCrumbs";
			};
			name = Debug;
		};
		654B118D1CB9705800BD6313 /* Release */ = {
			isa = XCBuildConfiguration;
			buildSettings = {
				BUNDLE_LOADER = "$(TEST_HOST)";
				INFOPLIST_FILE = BreadCrumbsTests/Info.plist;
				LD_RUNPATH_SEARCH_PATHS = "$(inherited) @executable_path/Frameworks @loader_path/Frameworks";
				PRODUCT_BUNDLE_IDENTIFIER = "Schliesing-LLC.BreadCrumbsTests";
				PRODUCT_NAME = "$(TARGET_NAME)";
				SWIFT_VERSION = 2.3;
				TEST_HOST = "$(BUILT_PRODUCTS_DIR)/BreadCrumbs.app/BreadCrumbs";
			};
			name = Release;
		};
/* End XCBuildConfiguration section */

/* Begin XCConfigurationList section */
		654B11661CB9705800BD6313 /* Build configuration list for PBXProject "BreadCrumbs" */ = {
			isa = XCConfigurationList;
			buildConfigurations = (
				654B11861CB9705800BD6313 /* Debug */,
				654B11871CB9705800BD6313 /* Release */,
			);
			defaultConfigurationIsVisible = 0;
			defaultConfigurationName = Release;
		};
		654B11881CB9705800BD6313 /* Build configuration list for PBXNativeTarget "BreadCrumbs" */ = {
			isa = XCConfigurationList;
			buildConfigurations = (
				654B11891CB9705800BD6313 /* Debug */,
				654B118A1CB9705800BD6313 /* Release */,
			);
			defaultConfigurationIsVisible = 0;
			defaultConfigurationName = Release;
		};
		654B118B1CB9705800BD6313 /* Build configuration list for PBXNativeTarget "BreadCrumbsTests" */ = {
			isa = XCConfigurationList;
			buildConfigurations = (
				654B118C1CB9705800BD6313 /* Debug */,
				654B118D1CB9705800BD6313 /* Release */,
			);
			defaultConfigurationIsVisible = 0;
			defaultConfigurationName = Release;
		};
/* End XCConfigurationList section */

/* Begin XCVersionGroup section */
		65A5A2D51CF681B60019DB49 /* MessageDataModel.xcdatamodeld */ = {
			isa = XCVersionGroup;
			children = (
				65A5A2D61CF681B60019DB49 /* MessageDataModel.xcdatamodel */,
			);
			currentVersion = 65A5A2D61CF681B60019DB49 /* MessageDataModel.xcdatamodel */;
			name = MessageDataModel.xcdatamodeld;
			path = BreadCrumbs/MessageDataModel.xcdatamodeld;
			sourceTree = "<group>";
			versionGroupType = wrapper.xcdatamodel;
		};
/* End XCVersionGroup section */
	};
	rootObject = 654B11631CB9705800BD6313 /* Project object */;
}
